// !$*UTF8*$!
{
	archiveVersion = 1;
	classes = {
	};
	objectVersion = 50;
	objects = {

/* Begin PBXBuildFile section */
		05078B3921738D9F00C17BA9 /* BFCObject.swift in Sources */ = {isa = PBXBuildFile; fileRef = 05078B3621738D9F00C17BA9 /* BFCObject.swift */; };
		05078B3A21738D9F00C17BA9 /* BFCMachine.swift in Sources */ = {isa = PBXBuildFile; fileRef = 05078B3721738D9F00C17BA9 /* BFCMachine.swift */; };
		05078B3D21738DC700C17BA9 /* CoconutData.framework in Frameworks */ = {isa = PBXBuildFile; fileRef = 05078B3C21738DC700C17BA9 /* CoconutData.framework */; };
		05078B3F21738DE100C17BA9 /* KiwiControls.framework in Frameworks */ = {isa = PBXBuildFile; fileRef = 05078B3E21738DE100C17BA9 /* KiwiControls.framework */; };
		051D86B92173989B0045ED12 /* BFCField.swift in Sources */ = {isa = PBXBuildFile; fileRef = 051D86B82173989B0045ED12 /* BFCField.swift */; };
		05819C4721B9851100064080 /* BFCTeam.swift in Sources */ = {isa = PBXBuildFile; fileRef = 05819C4621B9851100064080 /* BFCTeam.swift */; };
		05828946217789F700CB37A1 /* KiwiEngine.framework in Frameworks */ = {isa = PBXBuildFile; fileRef = 05828945217789F700CB37A1 /* KiwiEngine.framework */; };
		0582894821778A0900CB37A1 /* KiwiLibrary.framework in Frameworks */ = {isa = PBXBuildFile; fileRef = 0582894721778A0900CB37A1 /* KiwiLibrary.framework */; };
		0582894B21778AD400CB37A1 /* BFCCompiler.swift in Sources */ = {isa = PBXBuildFile; fileRef = 0582894A21778AD400CB37A1 /* BFCCompiler.swift */; };
		05D2C9D92173740300BC98A1 /* BattleFieldCore.h in Headers */ = {isa = PBXBuildFile; fileRef = 05D2C9D72173740300BC98A1 /* BattleFieldCore.h */; settings = {ATTRIBUTES = (Public, ); }; };
/* End PBXBuildFile section */

/* Begin PBXContainerItemProxy section */
		05078B4421738E3D00C17BA9 /* PBXContainerItemProxy */ = {
			isa = PBXContainerItemProxy;
			containerPortal = 05D2C9CB2173740300BC98A1 /* Project object */;
			proxyType = 1;
			remoteGlobalIDString = 05D2C9D32173740300BC98A1;
			remoteInfo = BattleFieldCore;
		};
/* End PBXContainerItemProxy section */

/* Begin PBXFileReference section */
		05078B3621738D9F00C17BA9 /* BFCObject.swift */ = {isa = PBXFileReference; fileEncoding = 4; lastKnownFileType = sourcecode.swift; path = BFCObject.swift; sourceTree = "<group>"; };
		05078B3721738D9F00C17BA9 /* BFCMachine.swift */ = {isa = PBXFileReference; fileEncoding = 4; lastKnownFileType = sourcecode.swift; path = BFCMachine.swift; sourceTree = "<group>"; };
		05078B3C21738DC700C17BA9 /* CoconutData.framework */ = {isa = PBXFileReference; lastKnownFileType = wrapper.framework; name = CoconutData.framework; path = ../../../../local/Frameworks/CoconutData.framework; sourceTree = "<group>"; };
		05078B3E21738DE100C17BA9 /* KiwiControls.framework */ = {isa = PBXFileReference; lastKnownFileType = wrapper.framework; name = KiwiControls.framework; path = ../../../../local/Frameworks/KiwiControls.framework; sourceTree = "<group>"; };
		051D86B82173989B0045ED12 /* BFCField.swift */ = {isa = PBXFileReference; fileEncoding = 4; lastKnownFileType = sourcecode.swift; path = BFCField.swift; sourceTree = "<group>"; };
		05819C4621B9851100064080 /* BFCTeam.swift */ = {isa = PBXFileReference; fileEncoding = 4; lastKnownFileType = sourcecode.swift; path = BFCTeam.swift; sourceTree = "<group>"; };
		05828945217789F700CB37A1 /* KiwiEngine.framework */ = {isa = PBXFileReference; lastKnownFileType = wrapper.framework; name = KiwiEngine.framework; path = ../../../../Library/Frameworks/KiwiEngine.framework; sourceTree = "<group>"; };
		0582894721778A0900CB37A1 /* KiwiLibrary.framework */ = {isa = PBXFileReference; lastKnownFileType = wrapper.framework; name = KiwiLibrary.framework; path = ../../../../Library/Frameworks/KiwiLibrary.framework; sourceTree = "<group>"; };
		0582894A21778AD400CB37A1 /* BFCCompiler.swift */ = {isa = PBXFileReference; lastKnownFileType = sourcecode.swift; path = BFCCompiler.swift; sourceTree = "<group>"; };
		05D2C9D42173740300BC98A1 /* BattleFieldCore.framework */ = {isa = PBXFileReference; explicitFileType = wrapper.framework; includeInIndex = 0; path = BattleFieldCore.framework; sourceTree = BUILT_PRODUCTS_DIR; };
		05D2C9D72173740300BC98A1 /* BattleFieldCore.h */ = {isa = PBXFileReference; lastKnownFileType = sourcecode.c.h; path = BattleFieldCore.h; sourceTree = "<group>"; };
		05D2C9D82173740300BC98A1 /* Info.plist */ = {isa = PBXFileReference; lastKnownFileType = text.plist.xml; path = Info.plist; sourceTree = "<group>"; };
/* End PBXFileReference section */

/* Begin PBXFrameworksBuildPhase section */
		05D2C9D12173740300BC98A1 /* Frameworks */ = {
			isa = PBXFrameworksBuildPhase;
			buildActionMask = 2147483647;
			files = (
				0582894821778A0900CB37A1 /* KiwiLibrary.framework in Frameworks */,
				05828946217789F700CB37A1 /* KiwiEngine.framework in Frameworks */,
				05078B3F21738DE100C17BA9 /* KiwiControls.framework in Frameworks */,
				05078B3D21738DC700C17BA9 /* CoconutData.framework in Frameworks */,
			);
			runOnlyForDeploymentPostprocessing = 0;
		};
/* End PBXFrameworksBuildPhase section */

/* Begin PBXGroup section */
		05078B3B21738DC600C17BA9 /* Frameworks */ = {
			isa = PBXGroup;
			children = (
				0582894721778A0900CB37A1 /* KiwiLibrary.framework */,
				05828945217789F700CB37A1 /* KiwiEngine.framework */,
				05078B3E21738DE100C17BA9 /* KiwiControls.framework */,
				05078B3C21738DC700C17BA9 /* CoconutData.framework */,
			);
			name = Frameworks;
			sourceTree = "<group>";
		};
		058289432177897700CB37A1 /* System */ = {
			isa = PBXGroup;
			children = (
				051D86B82173989B0045ED12 /* BFCField.swift */,
				05078B3621738D9F00C17BA9 /* BFCObject.swift */,
			);
			path = System;
			sourceTree = "<group>";
		};
		05828944217789A900CB37A1 /* Team */ = {
			isa = PBXGroup;
			children = (
				05819C4621B9851100064080 /* BFCTeam.swift */,
				05078B3721738D9F00C17BA9 /* BFCMachine.swift */,
			);
			path = Team;
			sourceTree = "<group>";
		};
		0582894921778A2E00CB37A1 /* Compiler */ = {
			isa = PBXGroup;
			children = (
				0582894A21778AD400CB37A1 /* BFCCompiler.swift */,
			);
			path = Compiler;
			sourceTree = "<group>";
		};
		05D2C9CA2173740300BC98A1 = {
			isa = PBXGroup;
			children = (
				05D2C9DF2173741100BC98A1 /* Source */,
				05D2C9D62173740300BC98A1 /* iOS */,
				05D2C9D52173740300BC98A1 /* Products */,
				05078B3B21738DC600C17BA9 /* Frameworks */,
			);
			sourceTree = "<group>";
		};
		05D2C9D52173740300BC98A1 /* Products */ = {
			isa = PBXGroup;
			children = (
				05D2C9D42173740300BC98A1 /* BattleFieldCore.framework */,
			);
			name = Products;
			sourceTree = "<group>";
		};
		05D2C9D62173740300BC98A1 /* iOS */ = {
			isa = PBXGroup;
			children = (
				05D2C9D82173740300BC98A1 /* Info.plist */,
			);
			name = iOS;
			sourceTree = "<group>";
		};
		05D2C9DF2173741100BC98A1 /* Source */ = {
			isa = PBXGroup;
			children = (
				05D2C9D72173740300BC98A1 /* BattleFieldCore.h */,
				058289432177897700CB37A1 /* System */,
				05828944217789A900CB37A1 /* Team */,
				0582894921778A2E00CB37A1 /* Compiler */,
			);
			name = Source;
			path = ../Source;
			sourceTree = SOURCE_ROOT;
		};
/* End PBXGroup section */

/* Begin PBXHeadersBuildPhase section */
		05D2C9CF2173740300BC98A1 /* Headers */ = {
			isa = PBXHeadersBuildPhase;
			buildActionMask = 2147483647;
			files = (
				05D2C9D92173740300BC98A1 /* BattleFieldCore.h in Headers */,
			);
			runOnlyForDeploymentPostprocessing = 0;
		};
/* End PBXHeadersBuildPhase section */

/* Begin PBXLegacyTarget section */
		05078B4021738E3400C17BA9 /* Install */ = {
			isa = PBXLegacyTarget;
			buildArgumentsString = "-f ../../Script/install_ios.mk";
			buildConfigurationList = 05078B4121738E3400C17BA9 /* Build configuration list for PBXLegacyTarget "Install" */;
			buildPhases = (
			);
			buildToolPath = /usr/bin/make;
			buildWorkingDirectory = "";
			dependencies = (
				05078B4521738E3D00C17BA9 /* PBXTargetDependency */,
			);
			name = Install;
			passBuildSettingsInEnvironment = 1;
			productName = Install;
		};
/* End PBXLegacyTarget section */

/* Begin PBXNativeTarget section */
		05D2C9D32173740300BC98A1 /* BattleFieldCore */ = {
			isa = PBXNativeTarget;
			buildConfigurationList = 05D2C9DC2173740300BC98A1 /* Build configuration list for PBXNativeTarget "BattleFieldCore" */;
			buildPhases = (
				05D2C9CF2173740300BC98A1 /* Headers */,
				05D2C9D02173740300BC98A1 /* Sources */,
				05D2C9D12173740300BC98A1 /* Frameworks */,
				05D2C9D22173740300BC98A1 /* Resources */,
			);
			buildRules = (
			);
			dependencies = (
			);
			name = BattleFieldCore;
			productName = BattleFieldCore;
			productReference = 05D2C9D42173740300BC98A1 /* BattleFieldCore.framework */;
			productType = "com.apple.product-type.framework";
		};
/* End PBXNativeTarget section */

/* Begin PBXProject section */
		05D2C9CB2173740300BC98A1 /* Project object */ = {
			isa = PBXProject;
			attributes = {
				LastUpgradeCheck = 1000;
				ORGANIZATIONNAME = "Steel Wheels Project";
				TargetAttributes = {
					05078B4021738E3400C17BA9 = {
						CreatedOnToolsVersion = 10.0;
					};
					05D2C9D32173740300BC98A1 = {
						CreatedOnToolsVersion = 10.0;
						LastSwiftMigration = 1000;
					};
				};
			};
			buildConfigurationList = 05D2C9CE2173740300BC98A1 /* Build configuration list for PBXProject "BattleFieldCore" */;
			compatibilityVersion = "Xcode 9.3";
			developmentRegion = en;
			hasScannedForEncodings = 0;
			knownRegions = (
				en,
			);
			mainGroup = 05D2C9CA2173740300BC98A1;
			productRefGroup = 05D2C9D52173740300BC98A1 /* Products */;
			projectDirPath = "";
			projectRoot = "";
			targets = (
				05D2C9D32173740300BC98A1 /* BattleFieldCore */,
				05078B4021738E3400C17BA9 /* Install */,
			);
		};
/* End PBXProject section */

/* Begin PBXResourcesBuildPhase section */
		05D2C9D22173740300BC98A1 /* Resources */ = {
			isa = PBXResourcesBuildPhase;
			buildActionMask = 2147483647;
			files = (
			);
			runOnlyForDeploymentPostprocessing = 0;
		};
/* End PBXResourcesBuildPhase section */

/* Begin PBXSourcesBuildPhase section */
		05D2C9D02173740300BC98A1 /* Sources */ = {
			isa = PBXSourcesBuildPhase;
			buildActionMask = 2147483647;
			files = (
				051D86B92173989B0045ED12 /* BFCField.swift in Sources */,
				05078B3A21738D9F00C17BA9 /* BFCMachine.swift in Sources */,
				05819C4721B9851100064080 /* BFCTeam.swift in Sources */,
				05078B3921738D9F00C17BA9 /* BFCObject.swift in Sources */,
				0582894B21778AD400CB37A1 /* BFCCompiler.swift in Sources */,
			);
			runOnlyForDeploymentPostprocessing = 0;
		};
/* End PBXSourcesBuildPhase section */

/* Begin PBXTargetDependency section */
		05078B4521738E3D00C17BA9 /* PBXTargetDependency */ = {
			isa = PBXTargetDependency;
			target = 05D2C9D32173740300BC98A1 /* BattleFieldCore */;
			targetProxy = 05078B4421738E3D00C17BA9 /* PBXContainerItemProxy */;
		};
/* End PBXTargetDependency section */

/* Begin XCBuildConfiguration section */
		05078B4221738E3400C17BA9 /* Debug */ = {
			isa = XCBuildConfiguration;
			buildSettings = {
				CODE_SIGN_STYLE = Automatic;
				DEBUGGING_SYMBOLS = YES;
				DEBUG_INFORMATION_FORMAT = dwarf;
				DEVELOPMENT_TEAM = TR2DNF3P93;
				GCC_GENERATE_DEBUGGING_SYMBOLS = YES;
				GCC_OPTIMIZATION_LEVEL = 0;
				OTHER_CFLAGS = "";
				OTHER_LDFLAGS = "";
				PRODUCT_NAME = "$(TARGET_NAME)";
			};
			name = Debug;
		};
		05078B4321738E3400C17BA9 /* Release */ = {
			isa = XCBuildConfiguration;
			buildSettings = {
				CODE_SIGN_STYLE = Automatic;
				DEBUG_INFORMATION_FORMAT = "dwarf-with-dsym";
				DEVELOPMENT_TEAM = TR2DNF3P93;
				OTHER_CFLAGS = "";
				OTHER_LDFLAGS = "";
				PRODUCT_NAME = "$(TARGET_NAME)";
			};
			name = Release;
		};
		05D2C9DA2173740300BC98A1 /* Debug */ = {
			isa = XCBuildConfiguration;
			buildSettings = {
				ALWAYS_SEARCH_USER_PATHS = NO;
				CLANG_ANALYZER_NONNULL = YES;
				CLANG_ANALYZER_NUMBER_OBJECT_CONVERSION = YES_AGGRESSIVE;
				CLANG_CXX_LANGUAGE_STANDARD = "gnu++14";
				CLANG_CXX_LIBRARY = "libc++";
				CLANG_ENABLE_MODULES = YES;
				CLANG_ENABLE_OBJC_ARC = YES;
				CLANG_ENABLE_OBJC_WEAK = YES;
				CLANG_WARN_BLOCK_CAPTURE_AUTORELEASING = YES;
				CLANG_WARN_BOOL_CONVERSION = YES;
				CLANG_WARN_COMMA = YES;
				CLANG_WARN_CONSTANT_CONVERSION = YES;
				CLANG_WARN_DEPRECATED_OBJC_IMPLEMENTATIONS = YES;
				CLANG_WARN_DIRECT_OBJC_ISA_USAGE = YES_ERROR;
				CLANG_WARN_DOCUMENTATION_COMMENTS = YES;
				CLANG_WARN_EMPTY_BODY = YES;
				CLANG_WARN_ENUM_CONVERSION = YES;
				CLANG_WARN_INFINITE_RECURSION = YES;
				CLANG_WARN_INT_CONVERSION = YES;
				CLANG_WARN_NON_LITERAL_NULL_CONVERSION = YES;
				CLANG_WARN_OBJC_IMPLICIT_RETAIN_SELF = YES;
				CLANG_WARN_OBJC_LITERAL_CONVERSION = YES;
				CLANG_WARN_OBJC_ROOT_CLASS = YES_ERROR;
				CLANG_WARN_RANGE_LOOP_ANALYSIS = YES;
				CLANG_WARN_STRICT_PROTOTYPES = YES;
				CLANG_WARN_SUSPICIOUS_MOVE = YES;
				CLANG_WARN_UNGUARDED_AVAILABILITY = YES_AGGRESSIVE;
				CLANG_WARN_UNREACHABLE_CODE = YES;
				CLANG_WARN__DUPLICATE_METHOD_MATCH = YES;
				CODE_SIGN_IDENTITY = "iPhone Developer";
				COPY_PHASE_STRIP = NO;
				CURRENT_PROJECT_VERSION = 1;
				DEBUG_INFORMATION_FORMAT = dwarf;
				ENABLE_STRICT_OBJC_MSGSEND = YES;
				ENABLE_TESTABILITY = YES;
				GCC_C_LANGUAGE_STANDARD = gnu11;
				GCC_DYNAMIC_NO_PIC = NO;
				GCC_NO_COMMON_BLOCKS = YES;
				GCC_OPTIMIZATION_LEVEL = 0;
				GCC_PREPROCESSOR_DEFINITIONS = (
					"DEBUG=1",
					"$(inherited)",
				);
				GCC_WARN_64_TO_32_BIT_CONVERSION = YES;
				GCC_WARN_ABOUT_RETURN_TYPE = YES_ERROR;
				GCC_WARN_UNDECLARED_SELECTOR = YES;
				GCC_WARN_UNINITIALIZED_AUTOS = YES_AGGRESSIVE;
				GCC_WARN_UNUSED_FUNCTION = YES;
				GCC_WARN_UNUSED_VARIABLE = YES;
				IPHONEOS_DEPLOYMENT_TARGET = 12.0;
				MTL_ENABLE_DEBUG_INFO = INCLUDE_SOURCE;
				MTL_FAST_MATH = YES;
				ONLY_ACTIVE_ARCH = YES;
				SDKROOT = iphoneos;
				SWIFT_ACTIVE_COMPILATION_CONDITIONS = DEBUG;
				SWIFT_OPTIMIZATION_LEVEL = "-Onone";
				VERSIONING_SYSTEM = "apple-generic";
				VERSION_INFO_PREFIX = "";
			};
			name = Debug;
		};
		05D2C9DB2173740300BC98A1 /* Release */ = {
			isa = XCBuildConfiguration;
			buildSettings = {
				ALWAYS_SEARCH_USER_PATHS = NO;
				CLANG_ANALYZER_NONNULL = YES;
				CLANG_ANALYZER_NUMBER_OBJECT_CONVERSION = YES_AGGRESSIVE;
				CLANG_CXX_LANGUAGE_STANDARD = "gnu++14";
				CLANG_CXX_LIBRARY = "libc++";
				CLANG_ENABLE_MODULES = YES;
				CLANG_ENABLE_OBJC_ARC = YES;
				CLANG_ENABLE_OBJC_WEAK = YES;
				CLANG_WARN_BLOCK_CAPTURE_AUTORELEASING = YES;
				CLANG_WARN_BOOL_CONVERSION = YES;
				CLANG_WARN_COMMA = YES;
				CLANG_WARN_CONSTANT_CONVERSION = YES;
				CLANG_WARN_DEPRECATED_OBJC_IMPLEMENTATIONS = YES;
				CLANG_WARN_DIRECT_OBJC_ISA_USAGE = YES_ERROR;
				CLANG_WARN_DOCUMENTATION_COMMENTS = YES;
				CLANG_WARN_EMPTY_BODY = YES;
				CLANG_WARN_ENUM_CONVERSION = YES;
				CLANG_WARN_INFINITE_RECURSION = YES;
				CLANG_WARN_INT_CONVERSION = YES;
				CLANG_WARN_NON_LITERAL_NULL_CONVERSION = YES;
				CLANG_WARN_OBJC_IMPLICIT_RETAIN_SELF = YES;
				CLANG_WARN_OBJC_LITERAL_CONVERSION = YES;
				CLANG_WARN_OBJC_ROOT_CLASS = YES_ERROR;
				CLANG_WARN_RANGE_LOOP_ANALYSIS = YES;
				CLANG_WARN_STRICT_PROTOTYPES = YES;
				CLANG_WARN_SUSPICIOUS_MOVE = YES;
				CLANG_WARN_UNGUARDED_AVAILABILITY = YES_AGGRESSIVE;
				CLANG_WARN_UNREACHABLE_CODE = YES;
				CLANG_WARN__DUPLICATE_METHOD_MATCH = YES;
				CODE_SIGN_IDENTITY = "iPhone Developer";
				COPY_PHASE_STRIP = NO;
				CURRENT_PROJECT_VERSION = 1;
				DEBUG_INFORMATION_FORMAT = "dwarf-with-dsym";
				ENABLE_NS_ASSERTIONS = NO;
				ENABLE_STRICT_OBJC_MSGSEND = YES;
				GCC_C_LANGUAGE_STANDARD = gnu11;
				GCC_NO_COMMON_BLOCKS = YES;
				GCC_WARN_64_TO_32_BIT_CONVERSION = YES;
				GCC_WARN_ABOUT_RETURN_TYPE = YES_ERROR;
				GCC_WARN_UNDECLARED_SELECTOR = YES;
				GCC_WARN_UNINITIALIZED_AUTOS = YES_AGGRESSIVE;
				GCC_WARN_UNUSED_FUNCTION = YES;
				GCC_WARN_UNUSED_VARIABLE = YES;
				IPHONEOS_DEPLOYMENT_TARGET = 12.0;
				MTL_ENABLE_DEBUG_INFO = NO;
				MTL_FAST_MATH = YES;
				SDKROOT = iphoneos;
				SWIFT_COMPILATION_MODE = wholemodule;
				SWIFT_OPTIMIZATION_LEVEL = "-O";
				VALIDATE_PRODUCT = YES;
				VERSIONING_SYSTEM = "apple-generic";
				VERSION_INFO_PREFIX = "";
			};
			name = Release;
		};
		05D2C9DD2173740300BC98A1 /* Debug */ = {
			isa = XCBuildConfiguration;
			buildSettings = {
				CLANG_ENABLE_MODULES = YES;
				CODE_SIGN_IDENTITY = "";
				CODE_SIGN_STYLE = Automatic;
				DEFINES_MODULE = YES;
				DEVELOPMENT_TEAM = TR2DNF3P93;
				DYLIB_COMPATIBILITY_VERSION = 1;
				DYLIB_CURRENT_VERSION = 1;
				DYLIB_INSTALL_NAME_BASE = "@rpath";
				FRAMEWORK_SEARCH_PATHS = (
					"$(HOME)/local/Frameworks",
					"$(USER_LIBRARY_DIR)/Frameworks",
				);
				GCC_OPTIMIZATION_LEVEL = 2;
				INFOPLIST_FILE = Info.plist;
				INSTALL_PATH = "$(HOME)/local/Frameworks";
				LD_RUNPATH_SEARCH_PATHS = (
					"$(inherited)",
					"@executable_path/Frameworks",
					"@loader_path/Frameworks",
				);
				PRODUCT_BUNDLE_IDENTIFIER = github.com.steelwheels.BattleFieldCore;
				PRODUCT_NAME = "$(TARGET_NAME:c99extidentifier)";
				SKIP_INSTALL = NO;
				SWIFT_OPTIMIZATION_LEVEL = "-O";
				SWIFT_VERSION = 4.2;
				TARGETED_DEVICE_FAMILY = "1,2";
			};
			name = Debug;
		};
		05D2C9DE2173740300BC98A1 /* Release */ = {
			isa = XCBuildConfiguration;
			buildSettings = {
				CLANG_ENABLE_MODULES = YES;
				CODE_SIGN_IDENTITY = "";
				CODE_SIGN_STYLE = Automatic;
				DEFINES_MODULE = YES;
				DEVELOPMENT_TEAM = TR2DNF3P93;
				DYLIB_COMPATIBILITY_VERSION = 1;
				DYLIB_CURRENT_VERSION = 1;
				DYLIB_INSTALL_NAME_BASE = "@rpath";
				FRAMEWORK_SEARCH_PATHS = (
					"$(HOME)/local/Frameworks",
					"$(USER_LIBRARY_DIR)/Frameworks",
				);
				GCC_OPTIMIZATION_LEVEL = 2;
				INFOPLIST_FILE = Info.plist;
				INSTALL_PATH = "$(HOME)/local/Frameworks";
				LD_RUNPATH_SEARCH_PATHS = (
					"$(inherited)",
					"@executable_path/Frameworks",
					"@loader_path/Frameworks",
				);
				PRODUCT_BUNDLE_IDENTIFIER = github.com.steelwheels.BattleFieldCore;
				PRODUCT_NAME = "$(TARGET_NAME:c99extidentifier)";
				SKIP_INSTALL = NO;
				SWIFT_VERSION = 4.2;
				TARGETED_DEVICE_FAMILY = "1,2";
			};
			name = Release;
		};
/* End XCBuildConfiguration section */

/* Begin XCConfigurationList section */
		05078B4121738E3400C17BA9 /* Build configuration list for PBXLegacyTarget "Install" */ = {
			isa = XCConfigurationList;
			buildConfigurations = (
				05078B4221738E3400C17BA9 /* Debug */,
				05078B4321738E3400C17BA9 /* Release */,
			);
			defaultConfigurationIsVisible = 0;
			defaultConfigurationName = Release;
		};
		05D2C9CE2173740300BC98A1 /* Build configuration list for PBXProject "BattleFieldCore" */ = {
			isa = XCConfigurationList;
			buildConfigurations = (
				05D2C9DA2173740300BC98A1 /* Debug */,
				05D2C9DB2173740300BC98A1 /* Release */,
			);
			defaultConfigurationIsVisible = 0;
			defaultConfigurationName = Release;
		};
		05D2C9DC2173740300BC98A1 /* Build configuration list for PBXNativeTarget "BattleFieldCore" */ = {
			isa = XCConfigurationList;
			buildConfigurations = (
				05D2C9DD2173740300BC98A1 /* Debug */,
				05D2C9DE2173740300BC98A1 /* Release */,
			);
			defaultConfigurationIsVisible = 0;
			defaultConfigurationName = Release;
		};
/* End XCConfigurationList section */
	};
	rootObject = 05D2C9CB2173740300BC98A1 /* Project object */;
}
