// !$*UTF8*$!
{
	archiveVersion = 1;
	classes = {
	};
	objectVersion = 50;
	objects = {

/* Begin PBXBuildFile section */
		0502FD77219FF3CF00BE506E /* BFCObject.swift in Sources */ = {isa = PBXBuildFile; fileRef = 0502FD76219FF3CE00BE506E /* BFCObject.swift */; };
		050D9389217384D3006E691D /* KiwiControls.framework in Frameworks */ = {isa = PBXBuildFile; fileRef = 050D9388217384D3006E691D /* KiwiControls.framework */; };
		050D938D217388BF006E691D /* BFCMachine.swift in Sources */ = {isa = PBXBuildFile; fileRef = 050D938C217388BF006E691D /* BFCMachine.swift */; };
		052D1F8B21A05BA100B95922 /* AppDelegate.swift in Sources */ = {isa = PBXBuildFile; fileRef = 052D1F8A21A05BA100B95922 /* AppDelegate.swift */; };
		052D1F8D21A05BA100B95922 /* ViewController.swift in Sources */ = {isa = PBXBuildFile; fileRef = 052D1F8C21A05BA100B95922 /* ViewController.swift */; };
		052D1F8F21A05BA200B95922 /* Assets.xcassets in Resources */ = {isa = PBXBuildFile; fileRef = 052D1F8E21A05BA200B95922 /* Assets.xcassets */; };
		052D1F9221A05BA200B95922 /* Main.storyboard in Resources */ = {isa = PBXBuildFile; fileRef = 052D1F9021A05BA200B95922 /* Main.storyboard */; };
		0555A04821736F2D00CD7BD3 /* BattleFieldCore.h in Headers */ = {isa = PBXBuildFile; fileRef = 0555A04621736F2D00CD7BD3 /* BattleFieldCore.h */; settings = {ATTRIBUTES = (Public, ); }; };
		05689A2F21AA36C9001ECADC /* blue-machine.png in Resources */ = {isa = PBXBuildFile; fileRef = 05689A2D21AA36C9001ECADC /* blue-machine.png */; };
		05689A3021AA36C9001ECADC /* green-machine.png in Resources */ = {isa = PBXBuildFile; fileRef = 05689A2E21AA36C9001ECADC /* green-machine.png */; };
		056EB1AD222AA71D009E4E8B /* KiwiLibrary.framework in Frameworks */ = {isa = PBXBuildFile; fileRef = 05EA5F322175051100AF9AB8 /* KiwiLibrary.framework */; };
		056EB1AE222AA71D009E4E8B /* KiwiLibrary.framework in Embed Frameworks */ = {isa = PBXBuildFile; fileRef = 05EA5F322175051100AF9AB8 /* KiwiLibrary.framework */; settings = {ATTRIBUTES = (CodeSignOnCopy, RemoveHeadersOnCopy, ); }; };
		056EB1AF222AA71D009E4E8B /* KiwiEngine.framework in Frameworks */ = {isa = PBXBuildFile; fileRef = 05EA5F30217504F700AF9AB8 /* KiwiEngine.framework */; };
		056EB1B0222AA71D009E4E8B /* KiwiEngine.framework in Embed Frameworks */ = {isa = PBXBuildFile; fileRef = 05EA5F30217504F700AF9AB8 /* KiwiEngine.framework */; settings = {ATTRIBUTES = (CodeSignOnCopy, RemoveHeadersOnCopy, ); }; };
		056EB1B1222AA71D009E4E8B /* KiwiControls.framework in Frameworks */ = {isa = PBXBuildFile; fileRef = 050D9388217384D3006E691D /* KiwiControls.framework */; };
		056EB1B2222AA71D009E4E8B /* KiwiControls.framework in Embed Frameworks */ = {isa = PBXBuildFile; fileRef = 050D9388217384D3006E691D /* KiwiControls.framework */; settings = {ATTRIBUTES = (CodeSignOnCopy, RemoveHeadersOnCopy, ); }; };
		056EB1B3222AA71D009E4E8B /* CoconutData.framework in Frameworks */ = {isa = PBXBuildFile; fileRef = 0590AE01217370B30076C648 /* CoconutData.framework */; };
		056EB1B4222AA71D009E4E8B /* CoconutData.framework in Embed Frameworks */ = {isa = PBXBuildFile; fileRef = 0590AE01217370B30076C648 /* CoconutData.framework */; settings = {ATTRIBUTES = (CodeSignOnCopy, RemoveHeadersOnCopy, ); }; };
		056EB1B7222AA778009E4E8B /* BattleFieldCore.framework in Frameworks */ = {isa = PBXBuildFile; fileRef = 056EB1B6222AA76F009E4E8B /* BattleFieldCore.framework */; };
		056EB1B8222AA778009E4E8B /* BattleFieldCore.framework in Embed Frameworks */ = {isa = PBXBuildFile; fileRef = 056EB1B6222AA76F009E4E8B /* BattleFieldCore.framework */; settings = {ATTRIBUTES = (CodeSignOnCopy, RemoveHeadersOnCopy, ); }; };
		056EB1BA222AA79C009E4E8B /* KiwiObject.framework in Frameworks */ = {isa = PBXBuildFile; fileRef = 056EB1B9222AA79C009E4E8B /* KiwiObject.framework */; };
		056EB1BD222AA7B9009E4E8B /* CoconutShell.framework in Frameworks */ = {isa = PBXBuildFile; fileRef = 056EB1BB222AA7B9009E4E8B /* CoconutShell.framework */; };
		056EB1BE222AA7B9009E4E8B /* CoconutDatabase.framework in Frameworks */ = {isa = PBXBuildFile; fileRef = 056EB1BC222AA7B9009E4E8B /* CoconutDatabase.framework */; };
		056EB1BF222AA7C7009E4E8B /* CoconutDatabase.framework in Frameworks */ = {isa = PBXBuildFile; fileRef = 056EB1BC222AA7B9009E4E8B /* CoconutDatabase.framework */; };
		056EB1C0222AA7C7009E4E8B /* CoconutDatabase.framework in Embed Frameworks */ = {isa = PBXBuildFile; fileRef = 056EB1BC222AA7B9009E4E8B /* CoconutDatabase.framework */; settings = {ATTRIBUTES = (CodeSignOnCopy, RemoveHeadersOnCopy, ); }; };
		056EB1C1222AA7C7009E4E8B /* CoconutShell.framework in Frameworks */ = {isa = PBXBuildFile; fileRef = 056EB1BB222AA7B9009E4E8B /* CoconutShell.framework */; };
		056EB1C2222AA7C7009E4E8B /* CoconutShell.framework in Embed Frameworks */ = {isa = PBXBuildFile; fileRef = 056EB1BB222AA7B9009E4E8B /* CoconutShell.framework */; settings = {ATTRIBUTES = (CodeSignOnCopy, RemoveHeadersOnCopy, ); }; };
		056EB1C3222AA800009E4E8B /* KiwiObject.framework in Frameworks */ = {isa = PBXBuildFile; fileRef = 056EB1B9222AA79C009E4E8B /* KiwiObject.framework */; };
		056EB1C4222AA800009E4E8B /* KiwiObject.framework in Embed Frameworks */ = {isa = PBXBuildFile; fileRef = 056EB1B9222AA79C009E4E8B /* KiwiObject.framework */; settings = {ATTRIBUTES = (CodeSignOnCopy, RemoveHeadersOnCopy, ); }; };
		0573A217217395F20090B6A9 /* BFCField.swift in Sources */ = {isa = PBXBuildFile; fileRef = 0573A216217395F20090B6A9 /* BFCField.swift */; };
		0590AE02217370B30076C648 /* CoconutData.framework in Frameworks */ = {isa = PBXBuildFile; fileRef = 0590AE01217370B30076C648 /* CoconutData.framework */; };
		05D72FB721778BAE004B6493 /* BFCCompiler.swift in Sources */ = {isa = PBXBuildFile; fileRef = 05D72FB621778BAE004B6493 /* BFCCompiler.swift */; };
		05EA5F2F217504B900AF9AB8 /* BFCTeam.swift in Sources */ = {isa = PBXBuildFile; fileRef = 05EA5F2E217504B900AF9AB8 /* BFCTeam.swift */; };
		05EA5F31217504F700AF9AB8 /* KiwiEngine.framework in Frameworks */ = {isa = PBXBuildFile; fileRef = 05EA5F30217504F700AF9AB8 /* KiwiEngine.framework */; };
		05EA5F332175051100AF9AB8 /* KiwiLibrary.framework in Frameworks */ = {isa = PBXBuildFile; fileRef = 05EA5F322175051100AF9AB8 /* KiwiLibrary.framework */; };
		05EF35EB2177A4C9009233CA /* machine.js in CopyFiles */ = {isa = PBXBuildFile; fileRef = 05EF35E82177A486009233CA /* machine.js */; };
/* End PBXBuildFile section */

/* Begin PBXContainerItemProxy section */
		052D1F9821A05BA900B95922 /* PBXContainerItemProxy */ = {
			isa = PBXContainerItemProxy;
			containerPortal = 0555A03A21736F2D00CD7BD3 /* Project object */;
			proxyType = 1;
			remoteGlobalIDString = 0590AE03217371490076C648;
			remoteInfo = Install;
		};
		0590AE07217371520076C648 /* PBXContainerItemProxy */ = {
			isa = PBXContainerItemProxy;
			containerPortal = 0555A03A21736F2D00CD7BD3 /* Project object */;
			proxyType = 1;
			remoteGlobalIDString = 0555A04221736F2D00CD7BD3;
			remoteInfo = BattleFieldCore;
		};
/* End PBXContainerItemProxy section */

/* Begin PBXCopyFilesBuildPhase section */
		056EB1B5222AA71D009E4E8B /* Embed Frameworks */ = {
			isa = PBXCopyFilesBuildPhase;
			buildActionMask = 2147483647;
			dstPath = "";
			dstSubfolderSpec = 10;
			files = (
				056EB1C2222AA7C7009E4E8B /* CoconutShell.framework in Embed Frameworks */,
				056EB1B0222AA71D009E4E8B /* KiwiEngine.framework in Embed Frameworks */,
				056EB1AE222AA71D009E4E8B /* KiwiLibrary.framework in Embed Frameworks */,
				056EB1C4222AA800009E4E8B /* KiwiObject.framework in Embed Frameworks */,
				056EB1B4222AA71D009E4E8B /* CoconutData.framework in Embed Frameworks */,
				056EB1C0222AA7C7009E4E8B /* CoconutDatabase.framework in Embed Frameworks */,
				056EB1B2222AA71D009E4E8B /* KiwiControls.framework in Embed Frameworks */,
				056EB1B8222AA778009E4E8B /* BattleFieldCore.framework in Embed Frameworks */,
			);
			name = "Embed Frameworks";
			runOnlyForDeploymentPostprocessing = 0;
		};
		05EF35EA2177A4B3009233CA /* CopyFiles */ = {
			isa = PBXCopyFilesBuildPhase;
			buildActionMask = 2147483647;
			dstPath = Script;
			dstSubfolderSpec = 7;
			files = (
				05EF35EB2177A4C9009233CA /* machine.js in CopyFiles */,
			);
			runOnlyForDeploymentPostprocessing = 0;
		};
/* End PBXCopyFilesBuildPhase section */

/* Begin PBXFileReference section */
		0502FD76219FF3CE00BE506E /* BFCObject.swift */ = {isa = PBXFileReference; fileEncoding = 4; lastKnownFileType = sourcecode.swift; path = BFCObject.swift; sourceTree = "<group>"; };
		050D9388217384D3006E691D /* KiwiControls.framework */ = {isa = PBXFileReference; lastKnownFileType = wrapper.framework; name = KiwiControls.framework; path = ../../../../Library/Frameworks/KiwiControls.framework; sourceTree = "<group>"; };
		050D938C217388BF006E691D /* BFCMachine.swift */ = {isa = PBXFileReference; lastKnownFileType = sourcecode.swift; path = BFCMachine.swift; sourceTree = "<group>"; };
		052D1F8821A05BA000B95922 /* UnitTest.app */ = {isa = PBXFileReference; explicitFileType = wrapper.application; includeInIndex = 0; path = UnitTest.app; sourceTree = BUILT_PRODUCTS_DIR; };
		052D1F8A21A05BA100B95922 /* AppDelegate.swift */ = {isa = PBXFileReference; lastKnownFileType = sourcecode.swift; path = AppDelegate.swift; sourceTree = "<group>"; };
		052D1F8C21A05BA100B95922 /* ViewController.swift */ = {isa = PBXFileReference; lastKnownFileType = sourcecode.swift; path = ViewController.swift; sourceTree = "<group>"; };
		052D1F8E21A05BA200B95922 /* Assets.xcassets */ = {isa = PBXFileReference; lastKnownFileType = folder.assetcatalog; path = Assets.xcassets; sourceTree = "<group>"; };
		052D1F9121A05BA200B95922 /* Base */ = {isa = PBXFileReference; lastKnownFileType = file.storyboard; name = Base; path = Base.lproj/Main.storyboard; sourceTree = "<group>"; };
		052D1F9321A05BA200B95922 /* Info.plist */ = {isa = PBXFileReference; lastKnownFileType = text.plist.xml; path = Info.plist; sourceTree = "<group>"; };
		052D1F9421A05BA200B95922 /* UnitTest.entitlements */ = {isa = PBXFileReference; lastKnownFileType = text.plist.entitlements; path = UnitTest.entitlements; sourceTree = "<group>"; };
		0555A04321736F2D00CD7BD3 /* BattleFieldCore.framework */ = {isa = PBXFileReference; explicitFileType = wrapper.framework; includeInIndex = 0; path = BattleFieldCore.framework; sourceTree = BUILT_PRODUCTS_DIR; };
		0555A04621736F2D00CD7BD3 /* BattleFieldCore.h */ = {isa = PBXFileReference; lastKnownFileType = sourcecode.c.h; path = BattleFieldCore.h; sourceTree = "<group>"; };
		0555A04721736F2D00CD7BD3 /* Info.plist */ = {isa = PBXFileReference; lastKnownFileType = text.plist.xml; path = Info.plist; sourceTree = "<group>"; };
		05689A2D21AA36C9001ECADC /* blue-machine.png */ = {isa = PBXFileReference; lastKnownFileType = image.png; path = "blue-machine.png"; sourceTree = "<group>"; };
		05689A2E21AA36C9001ECADC /* green-machine.png */ = {isa = PBXFileReference; lastKnownFileType = image.png; path = "green-machine.png"; sourceTree = "<group>"; };
		056EB1B6222AA76F009E4E8B /* BattleFieldCore.framework */ = {isa = PBXFileReference; lastKnownFileType = wrapper.framework; name = BattleFieldCore.framework; path = ../../../../Library/Frameworks/BattleFieldCore.framework; sourceTree = "<group>"; };
		056EB1B9222AA79C009E4E8B /* KiwiObject.framework */ = {isa = PBXFileReference; lastKnownFileType = wrapper.framework; name = KiwiObject.framework; path = ../../../../Library/Frameworks/KiwiObject.framework; sourceTree = "<group>"; };
		056EB1BB222AA7B9009E4E8B /* CoconutShell.framework */ = {isa = PBXFileReference; lastKnownFileType = wrapper.framework; name = CoconutShell.framework; path = ../../../../Library/Frameworks/CoconutShell.framework; sourceTree = "<group>"; };
		056EB1BC222AA7B9009E4E8B /* CoconutDatabase.framework */ = {isa = PBXFileReference; lastKnownFileType = wrapper.framework; name = CoconutDatabase.framework; path = ../../../../Library/Frameworks/CoconutDatabase.framework; sourceTree = "<group>"; };
		0573A216217395F20090B6A9 /* BFCField.swift */ = {isa = PBXFileReference; lastKnownFileType = sourcecode.swift; path = BFCField.swift; sourceTree = "<group>"; };
		0590AE01217370B30076C648 /* CoconutData.framework */ = {isa = PBXFileReference; lastKnownFileType = wrapper.framework; name = CoconutData.framework; path = ../../../../Library/Frameworks/CoconutData.framework; sourceTree = "<group>"; };
		05D72FB621778BAE004B6493 /* BFCCompiler.swift */ = {isa = PBXFileReference; fileEncoding = 4; lastKnownFileType = sourcecode.swift; path = BFCCompiler.swift; sourceTree = "<group>"; };
		05DFB50D21A4557A000022DC /* empty.js */ = {isa = PBXFileReference; lastKnownFileType = sourcecode.javascript; path = empty.js; sourceTree = "<group>"; };
		05DFB50E21A46342000022DC /* hello.js */ = {isa = PBXFileReference; lastKnownFileType = sourcecode.javascript; path = hello.js; sourceTree = "<group>"; };
		05EA5F2E217504B900AF9AB8 /* BFCTeam.swift */ = {isa = PBXFileReference; lastKnownFileType = sourcecode.swift; path = BFCTeam.swift; sourceTree = "<group>"; };
		05EA5F30217504F700AF9AB8 /* KiwiEngine.framework */ = {isa = PBXFileReference; lastKnownFileType = wrapper.framework; name = KiwiEngine.framework; path = ../../../../Library/Frameworks/KiwiEngine.framework; sourceTree = "<group>"; };
		05EA5F322175051100AF9AB8 /* KiwiLibrary.framework */ = {isa = PBXFileReference; lastKnownFileType = wrapper.framework; name = KiwiLibrary.framework; path = ../../../../Library/Frameworks/KiwiLibrary.framework; sourceTree = "<group>"; };
		05EF35E82177A486009233CA /* machine.js */ = {isa = PBXFileReference; fileEncoding = 4; lastKnownFileType = sourcecode.javascript; path = machine.js; sourceTree = "<group>"; };
/* End PBXFileReference section */

/* Begin PBXFrameworksBuildPhase section */
		052D1F8521A05BA000B95922 /* Frameworks */ = {
			isa = PBXFrameworksBuildPhase;
			buildActionMask = 2147483647;
			files = (
				056EB1C1222AA7C7009E4E8B /* CoconutShell.framework in Frameworks */,
				056EB1AF222AA71D009E4E8B /* KiwiEngine.framework in Frameworks */,
				056EB1AD222AA71D009E4E8B /* KiwiLibrary.framework in Frameworks */,
				056EB1C3222AA800009E4E8B /* KiwiObject.framework in Frameworks */,
				056EB1B3222AA71D009E4E8B /* CoconutData.framework in Frameworks */,
				056EB1BF222AA7C7009E4E8B /* CoconutDatabase.framework in Frameworks */,
				056EB1B1222AA71D009E4E8B /* KiwiControls.framework in Frameworks */,
				056EB1B7222AA778009E4E8B /* BattleFieldCore.framework in Frameworks */,
			);
			runOnlyForDeploymentPostprocessing = 0;
		};
		0555A04021736F2D00CD7BD3 /* Frameworks */ = {
			isa = PBXFrameworksBuildPhase;
			buildActionMask = 2147483647;
			files = (
				05EA5F332175051100AF9AB8 /* KiwiLibrary.framework in Frameworks */,
				05EA5F31217504F700AF9AB8 /* KiwiEngine.framework in Frameworks */,
				050D9389217384D3006E691D /* KiwiControls.framework in Frameworks */,
				0590AE02217370B30076C648 /* CoconutData.framework in Frameworks */,
				056EB1BE222AA7B9009E4E8B /* CoconutDatabase.framework in Frameworks */,
				056EB1BA222AA79C009E4E8B /* KiwiObject.framework in Frameworks */,
				056EB1BD222AA7B9009E4E8B /* CoconutShell.framework in Frameworks */,
			);
			runOnlyForDeploymentPostprocessing = 0;
		};
/* End PBXFrameworksBuildPhase section */

/* Begin PBXGroup section */
		052D1F8321A05B4700B95922 /* Test */ = {
			isa = PBXGroup;
			children = (
				052D1F8921A05BA100B95922 /* UnitTest */,
			);
			name = Test;
			path = ../Test;
			sourceTree = "<group>";
		};
		052D1F8921A05BA100B95922 /* UnitTest */ = {
			isa = PBXGroup;
			children = (
				052D1FA021A05CEC00B95922 /* OSX */,
			);
			path = UnitTest;
			sourceTree = "<group>";
		};
		052D1FA021A05CEC00B95922 /* OSX */ = {
			isa = PBXGroup;
			children = (
				052D1F8A21A05BA100B95922 /* AppDelegate.swift */,
				052D1F8C21A05BA100B95922 /* ViewController.swift */,
				052D1F8E21A05BA200B95922 /* Assets.xcassets */,
				052D1F9021A05BA200B95922 /* Main.storyboard */,
				052D1F9321A05BA200B95922 /* Info.plist */,
				052D1F9421A05BA200B95922 /* UnitTest.entitlements */,
			);
			path = OSX;
			sourceTree = "<group>";
		};
		0555A03921736F2D00CD7BD3 = {
			isa = PBXGroup;
			children = (
				0555A04E21736F3A00CD7BD3 /* Source */,
				05EF35E62177A410009233CA /* Resource */,
				05DFB50C21A4555F000022DC /* Sample */,
				052D1F8321A05B4700B95922 /* Test */,
				0555A04521736F2D00CD7BD3 /* OSX */,
				0555A04421736F2D00CD7BD3 /* Products */,
				0590AE00217370B20076C648 /* Frameworks */,
			);
			sourceTree = "<group>";
		};
		0555A04421736F2D00CD7BD3 /* Products */ = {
			isa = PBXGroup;
			children = (
				0555A04321736F2D00CD7BD3 /* BattleFieldCore.framework */,
				052D1F8821A05BA000B95922 /* UnitTest.app */,
			);
			name = Products;
			sourceTree = "<group>";
		};
		0555A04521736F2D00CD7BD3 /* OSX */ = {
			isa = PBXGroup;
			children = (
				0555A04721736F2D00CD7BD3 /* Info.plist */,
			);
			name = OSX;
			sourceTree = "<group>";
		};
		0555A04E21736F3A00CD7BD3 /* Source */ = {
			isa = PBXGroup;
			children = (
				0555A04621736F2D00CD7BD3 /* BattleFieldCore.h */,
				05EEDEAA217788C700FFC559 /* System */,
				05EEDEAB2177890200FFC559 /* Team */,
				05D72FB521778B83004B6493 /* Compiler */,
			);
			name = Source;
			path = ../Source;
			sourceTree = "<group>";
		};
		05689A2C21AA36A9001ECADC /* Images */ = {
			isa = PBXGroup;
			children = (
				05689A2D21AA36C9001ECADC /* blue-machine.png */,
				05689A2E21AA36C9001ECADC /* green-machine.png */,
			);
			name = Images;
			path = ../../Document/Images;
			sourceTree = "<group>";
		};
		0590AE00217370B20076C648 /* Frameworks */ = {
			isa = PBXGroup;
			children = (
				056EB1BC222AA7B9009E4E8B /* CoconutDatabase.framework */,
				056EB1BB222AA7B9009E4E8B /* CoconutShell.framework */,
				056EB1B9222AA79C009E4E8B /* KiwiObject.framework */,
				056EB1B6222AA76F009E4E8B /* BattleFieldCore.framework */,
				05EA5F322175051100AF9AB8 /* KiwiLibrary.framework */,
				05EA5F30217504F700AF9AB8 /* KiwiEngine.framework */,
				050D9388217384D3006E691D /* KiwiControls.framework */,
				0590AE01217370B30076C648 /* CoconutData.framework */,
			);
			name = Frameworks;
			sourceTree = "<group>";
		};
		05D72FB521778B83004B6493 /* Compiler */ = {
			isa = PBXGroup;
			children = (
				05D72FB621778BAE004B6493 /* BFCCompiler.swift */,
			);
			name = Compiler;
			path = ../Source/Compiler;
			sourceTree = SOURCE_ROOT;
		};
		05DFB50C21A4555F000022DC /* Sample */ = {
			isa = PBXGroup;
			children = (
				05DFB50E21A46342000022DC /* hello.js */,
				05DFB50D21A4557A000022DC /* empty.js */,
			);
			name = Sample;
			path = ../Sample;
			sourceTree = "<group>";
		};
		05EEDEAA217788C700FFC559 /* System */ = {
			isa = PBXGroup;
			children = (
				0573A216217395F20090B6A9 /* BFCField.swift */,
				0502FD76219FF3CE00BE506E /* BFCObject.swift */,
			);
			name = System;
			path = ../Source/System;
			sourceTree = SOURCE_ROOT;
		};
		05EEDEAB2177890200FFC559 /* Team */ = {
			isa = PBXGroup;
			children = (
				05EA5F2E217504B900AF9AB8 /* BFCTeam.swift */,
				050D938C217388BF006E691D /* BFCMachine.swift */,
			);
			name = Team;
			path = ../Source/Team;
			sourceTree = SOURCE_ROOT;
		};
		05EF35E62177A410009233CA /* Resource */ = {
			isa = PBXGroup;
			children = (
				05689A2C21AA36A9001ECADC /* Images */,
				05EF35E72177A43F009233CA /* Script */,
			);
			name = Resource;
			path = ../Resource;
			sourceTree = SOURCE_ROOT;
		};
		05EF35E72177A43F009233CA /* Script */ = {
			isa = PBXGroup;
			children = (
				05EF35E82177A486009233CA /* machine.js */,
			);
			path = Script;
			sourceTree = "<group>";
		};
/* End PBXGroup section */

/* Begin PBXHeadersBuildPhase section */
		0555A03E21736F2D00CD7BD3 /* Headers */ = {
			isa = PBXHeadersBuildPhase;
			buildActionMask = 2147483647;
			files = (
				0555A04821736F2D00CD7BD3 /* BattleFieldCore.h in Headers */,
			);
			runOnlyForDeploymentPostprocessing = 0;
		};
/* End PBXHeadersBuildPhase section */

/* Begin PBXLegacyTarget section */
		0590AE03217371490076C648 /* Install */ = {
			isa = PBXLegacyTarget;
			buildArgumentsString = "-f ../../Script/install_osx.mk";
			buildConfigurationList = 0590AE04217371490076C648 /* Build configuration list for PBXLegacyTarget "Install" */;
			buildPhases = (
			);
			buildToolPath = /usr/bin/make;
			buildWorkingDirectory = "";
			dependencies = (
				0590AE08217371520076C648 /* PBXTargetDependency */,
			);
			name = Install;
			passBuildSettingsInEnvironment = 1;
			productName = Install;
		};
/* End PBXLegacyTarget section */

/* Begin PBXNativeTarget section */
		052D1F8721A05BA000B95922 /* UnitTest */ = {
			isa = PBXNativeTarget;
			buildConfigurationList = 052D1F9521A05BA200B95922 /* Build configuration list for PBXNativeTarget "UnitTest" */;
			buildPhases = (
				052D1F8421A05BA000B95922 /* Sources */,
				052D1F8521A05BA000B95922 /* Frameworks */,
				052D1F8621A05BA000B95922 /* Resources */,
				056EB1B5222AA71D009E4E8B /* Embed Frameworks */,
			);
			buildRules = (
			);
			dependencies = (
				052D1F9921A05BA900B95922 /* PBXTargetDependency */,
			);
			name = UnitTest;
			productName = UnitTest;
			productReference = 052D1F8821A05BA000B95922 /* UnitTest.app */;
			productType = "com.apple.product-type.application";
		};
		0555A04221736F2D00CD7BD3 /* BattleFieldCore */ = {
			isa = PBXNativeTarget;
			buildConfigurationList = 0555A04B21736F2D00CD7BD3 /* Build configuration list for PBXNativeTarget "BattleFieldCore" */;
			buildPhases = (
				0555A03E21736F2D00CD7BD3 /* Headers */,
				0555A03F21736F2D00CD7BD3 /* Sources */,
				0555A04021736F2D00CD7BD3 /* Frameworks */,
				05EF35EA2177A4B3009233CA /* CopyFiles */,
			);
			buildRules = (
			);
			dependencies = (
			);
			name = BattleFieldCore;
			productName = BattleFieldCore;
			productReference = 0555A04321736F2D00CD7BD3 /* BattleFieldCore.framework */;
			productType = "com.apple.product-type.framework";
		};
/* End PBXNativeTarget section */

/* Begin PBXProject section */
		0555A03A21736F2D00CD7BD3 /* Project object */ = {
			isa = PBXProject;
			attributes = {
				LastSwiftUpdateCheck = 1010;
				LastUpgradeCheck = 1000;
				ORGANIZATIONNAME = "Steel Wheels Project";
				TargetAttributes = {
					052D1F8721A05BA000B95922 = {
						CreatedOnToolsVersion = 10.1;
						SystemCapabilities = {
							com.apple.HardenedRuntime = {
								enabled = 1;
							};
							com.apple.Sandbox = {
								enabled = 1;
							};
						};
					};
					0555A04221736F2D00CD7BD3 = {
						CreatedOnToolsVersion = 10.0;
						LastSwiftMigration = 1000;
					};
					0590AE03217371490076C648 = {
						CreatedOnToolsVersion = 10.0;
					};
				};
			};
			buildConfigurationList = 0555A03D21736F2D00CD7BD3 /* Build configuration list for PBXProject "BattleFieldCore" */;
			compatibilityVersion = "Xcode 9.3";
			developmentRegion = en;
			hasScannedForEncodings = 0;
			knownRegions = (
				en,
				Base,
			);
			mainGroup = 0555A03921736F2D00CD7BD3;
			productRefGroup = 0555A04421736F2D00CD7BD3 /* Products */;
			projectDirPath = "";
			projectRoot = "";
			targets = (
				0555A04221736F2D00CD7BD3 /* BattleFieldCore */,
				0590AE03217371490076C648 /* Install */,
				052D1F8721A05BA000B95922 /* UnitTest */,
			);
		};
/* End PBXProject section */

/* Begin PBXResourcesBuildPhase section */
		052D1F8621A05BA000B95922 /* Resources */ = {
			isa = PBXResourcesBuildPhase;
			buildActionMask = 2147483647;
			files = (
				05689A2F21AA36C9001ECADC /* blue-machine.png in Resources */,
				052D1F8F21A05BA200B95922 /* Assets.xcassets in Resources */,
				052D1F9221A05BA200B95922 /* Main.storyboard in Resources */,
				05689A3021AA36C9001ECADC /* green-machine.png in Resources */,
			);
			runOnlyForDeploymentPostprocessing = 0;
		};
/* End PBXResourcesBuildPhase section */

/* Begin PBXSourcesBuildPhase section */
		052D1F8421A05BA000B95922 /* Sources */ = {
			isa = PBXSourcesBuildPhase;
			buildActionMask = 2147483647;
			files = (
				052D1F8D21A05BA100B95922 /* ViewController.swift in Sources */,
				052D1F8B21A05BA100B95922 /* AppDelegate.swift in Sources */,
			);
			runOnlyForDeploymentPostprocessing = 0;
		};
		0555A03F21736F2D00CD7BD3 /* Sources */ = {
			isa = PBXSourcesBuildPhase;
			buildActionMask = 2147483647;
			files = (
				0573A217217395F20090B6A9 /* BFCField.swift in Sources */,
				050D938D217388BF006E691D /* BFCMachine.swift in Sources */,
				05EA5F2F217504B900AF9AB8 /* BFCTeam.swift in Sources */,
				0502FD77219FF3CF00BE506E /* BFCObject.swift in Sources */,
				05D72FB721778BAE004B6493 /* BFCCompiler.swift in Sources */,
			);
			runOnlyForDeploymentPostprocessing = 0;
		};
/* End PBXSourcesBuildPhase section */

/* Begin PBXTargetDependency section */
		052D1F9921A05BA900B95922 /* PBXTargetDependency */ = {
			isa = PBXTargetDependency;
			target = 0590AE03217371490076C648 /* Install */;
			targetProxy = 052D1F9821A05BA900B95922 /* PBXContainerItemProxy */;
		};
		0590AE08217371520076C648 /* PBXTargetDependency */ = {
			isa = PBXTargetDependency;
			target = 0555A04221736F2D00CD7BD3 /* BattleFieldCore */;
			targetProxy = 0590AE07217371520076C648 /* PBXContainerItemProxy */;
		};
/* End PBXTargetDependency section */

/* Begin PBXVariantGroup section */
		052D1F9021A05BA200B95922 /* Main.storyboard */ = {
			isa = PBXVariantGroup;
			children = (
				052D1F9121A05BA200B95922 /* Base */,
			);
			name = Main.storyboard;
			sourceTree = "<group>";
		};
/* End PBXVariantGroup section */

/* Begin XCBuildConfiguration section */
		052D1F9621A05BA200B95922 /* Debug */ = {
			isa = XCBuildConfiguration;
			buildSettings = {
				ASSETCATALOG_COMPILER_APPICON_NAME = AppIcon;
				CODE_SIGN_ENTITLEMENTS = ../Test/UnitTest/OSX/UnitTest.entitlements;
				CODE_SIGN_STYLE = Automatic;
				COMBINE_HIDPI_IMAGES = YES;
				DEVELOPMENT_TEAM = TR2DNF3P93;
				ENABLE_HARDENED_RUNTIME = YES;
				FRAMEWORK_SEARCH_PATHS = (
					"$(inherited)",
					"$(USER_LIBRARY_DIR)/Frameworks",
				);
				GCC_OPTIMIZATION_LEVEL = 2;
				INFOPLIST_FILE = ../Test/UnitTest/OSX/Info.plist;
				INSTALL_PATH = "$(HOME)/Applications";
				LD_RUNPATH_SEARCH_PATHS = (
					"$(inherited)",
					"@executable_path/../Frameworks",
				);
				PRODUCT_BUNDLE_IDENTIFIER = github.com.steelwheels.UnitTest;
				PRODUCT_NAME = "$(TARGET_NAME)";
				SWIFT_OPTIMIZATION_LEVEL = "-O";
				SWIFT_VERSION = 4.2;
			};
			name = Debug;
		};
		052D1F9721A05BA200B95922 /* Release */ = {
			isa = XCBuildConfiguration;
			buildSettings = {
				ASSETCATALOG_COMPILER_APPICON_NAME = AppIcon;
				CODE_SIGN_ENTITLEMENTS = ../Test/UnitTest/OSX/UnitTest.entitlements;
				CODE_SIGN_STYLE = Automatic;
				COMBINE_HIDPI_IMAGES = YES;
				DEVELOPMENT_TEAM = TR2DNF3P93;
				ENABLE_HARDENED_RUNTIME = YES;
				FRAMEWORK_SEARCH_PATHS = (
					"$(inherited)",
					"$(USER_LIBRARY_DIR)/Frameworks",
				);
				GCC_OPTIMIZATION_LEVEL = 2;
				INFOPLIST_FILE = ../Test/UnitTest/OSX/Info.plist;
				INSTALL_PATH = "$(HOME)/Applications";
				LD_RUNPATH_SEARCH_PATHS = (
					"$(inherited)",
					"@executable_path/../Frameworks",
				);
				PRODUCT_BUNDLE_IDENTIFIER = github.com.steelwheels.UnitTest;
				PRODUCT_NAME = "$(TARGET_NAME)";
				SWIFT_OPTIMIZATION_LEVEL = "-O";
				SWIFT_VERSION = 4.2;
			};
			name = Release;
		};
		0555A04921736F2D00CD7BD3 /* Debug */ = {
			isa = XCBuildConfiguration;
			buildSettings = {
				ALWAYS_SEARCH_USER_PATHS = NO;
				CLANG_ANALYZER_NONNULL = YES;
				CLANG_ANALYZER_NUMBER_OBJECT_CONVERSION = YES_AGGRESSIVE;
				CLANG_CXX_LANGUAGE_STANDARD = "gnu++14";
				CLANG_CXX_LIBRARY = "libc++";
				CLANG_ENABLE_MODULES = YES;
				CLANG_ENABLE_OBJC_ARC = YES;
				CLANG_ENABLE_OBJC_WEAK = YES;
				CLANG_WARN_BLOCK_CAPTURE_AUTORELEASING = YES;
				CLANG_WARN_BOOL_CONVERSION = YES;
				CLANG_WARN_COMMA = YES;
				CLANG_WARN_CONSTANT_CONVERSION = YES;
				CLANG_WARN_DEPRECATED_OBJC_IMPLEMENTATIONS = YES;
				CLANG_WARN_DIRECT_OBJC_ISA_USAGE = YES_ERROR;
				CLANG_WARN_DOCUMENTATION_COMMENTS = YES;
				CLANG_WARN_EMPTY_BODY = YES;
				CLANG_WARN_ENUM_CONVERSION = YES;
				CLANG_WARN_INFINITE_RECURSION = YES;
				CLANG_WARN_INT_CONVERSION = YES;
				CLANG_WARN_NON_LITERAL_NULL_CONVERSION = YES;
				CLANG_WARN_OBJC_IMPLICIT_RETAIN_SELF = YES;
				CLANG_WARN_OBJC_LITERAL_CONVERSION = YES;
				CLANG_WARN_OBJC_ROOT_CLASS = YES_ERROR;
				CLANG_WARN_RANGE_LOOP_ANALYSIS = YES;
				CLANG_WARN_STRICT_PROTOTYPES = YES;
				CLANG_WARN_SUSPICIOUS_MOVE = YES;
				CLANG_WARN_UNGUARDED_AVAILABILITY = YES_AGGRESSIVE;
				CLANG_WARN_UNREACHABLE_CODE = YES;
				CLANG_WARN__DUPLICATE_METHOD_MATCH = YES;
				CODE_SIGN_IDENTITY = "Mac Developer";
				COPY_PHASE_STRIP = NO;
				CURRENT_PROJECT_VERSION = 1;
				DEBUG_INFORMATION_FORMAT = dwarf;
				ENABLE_STRICT_OBJC_MSGSEND = YES;
				ENABLE_TESTABILITY = YES;
				GCC_C_LANGUAGE_STANDARD = gnu11;
				GCC_DYNAMIC_NO_PIC = NO;
				GCC_NO_COMMON_BLOCKS = YES;
				GCC_OPTIMIZATION_LEVEL = 0;
				GCC_PREPROCESSOR_DEFINITIONS = (
					"DEBUG=1",
					"$(inherited)",
				);
				GCC_WARN_64_TO_32_BIT_CONVERSION = YES;
				GCC_WARN_ABOUT_RETURN_TYPE = YES_ERROR;
				GCC_WARN_UNDECLARED_SELECTOR = YES;
				GCC_WARN_UNINITIALIZED_AUTOS = YES_AGGRESSIVE;
				GCC_WARN_UNUSED_FUNCTION = YES;
				GCC_WARN_UNUSED_VARIABLE = YES;
				MACOSX_DEPLOYMENT_TARGET = 10.14;
				MTL_ENABLE_DEBUG_INFO = INCLUDE_SOURCE;
				MTL_FAST_MATH = YES;
				ONLY_ACTIVE_ARCH = YES;
				SDKROOT = macosx;
				SWIFT_ACTIVE_COMPILATION_CONDITIONS = DEBUG;
				SWIFT_OPTIMIZATION_LEVEL = "-Onone";
				VERSIONING_SYSTEM = "apple-generic";
				VERSION_INFO_PREFIX = "";
			};
			name = Debug;
		};
		0555A04A21736F2D00CD7BD3 /* Release */ = {
			isa = XCBuildConfiguration;
			buildSettings = {
				ALWAYS_SEARCH_USER_PATHS = NO;
				CLANG_ANALYZER_NONNULL = YES;
				CLANG_ANALYZER_NUMBER_OBJECT_CONVERSION = YES_AGGRESSIVE;
				CLANG_CXX_LANGUAGE_STANDARD = "gnu++14";
				CLANG_CXX_LIBRARY = "libc++";
				CLANG_ENABLE_MODULES = YES;
				CLANG_ENABLE_OBJC_ARC = YES;
				CLANG_ENABLE_OBJC_WEAK = YES;
				CLANG_WARN_BLOCK_CAPTURE_AUTORELEASING = YES;
				CLANG_WARN_BOOL_CONVERSION = YES;
				CLANG_WARN_COMMA = YES;
				CLANG_WARN_CONSTANT_CONVERSION = YES;
				CLANG_WARN_DEPRECATED_OBJC_IMPLEMENTATIONS = YES;
				CLANG_WARN_DIRECT_OBJC_ISA_USAGE = YES_ERROR;
				CLANG_WARN_DOCUMENTATION_COMMENTS = YES;
				CLANG_WARN_EMPTY_BODY = YES;
				CLANG_WARN_ENUM_CONVERSION = YES;
				CLANG_WARN_INFINITE_RECURSION = YES;
				CLANG_WARN_INT_CONVERSION = YES;
				CLANG_WARN_NON_LITERAL_NULL_CONVERSION = YES;
				CLANG_WARN_OBJC_IMPLICIT_RETAIN_SELF = YES;
				CLANG_WARN_OBJC_LITERAL_CONVERSION = YES;
				CLANG_WARN_OBJC_ROOT_CLASS = YES_ERROR;
				CLANG_WARN_RANGE_LOOP_ANALYSIS = YES;
				CLANG_WARN_STRICT_PROTOTYPES = YES;
				CLANG_WARN_SUSPICIOUS_MOVE = YES;
				CLANG_WARN_UNGUARDED_AVAILABILITY = YES_AGGRESSIVE;
				CLANG_WARN_UNREACHABLE_CODE = YES;
				CLANG_WARN__DUPLICATE_METHOD_MATCH = YES;
				CODE_SIGN_IDENTITY = "Mac Developer";
				COPY_PHASE_STRIP = NO;
				CURRENT_PROJECT_VERSION = 1;
				DEBUG_INFORMATION_FORMAT = "dwarf-with-dsym";
				ENABLE_NS_ASSERTIONS = NO;
				ENABLE_STRICT_OBJC_MSGSEND = YES;
				GCC_C_LANGUAGE_STANDARD = gnu11;
				GCC_NO_COMMON_BLOCKS = YES;
				GCC_WARN_64_TO_32_BIT_CONVERSION = YES;
				GCC_WARN_ABOUT_RETURN_TYPE = YES_ERROR;
				GCC_WARN_UNDECLARED_SELECTOR = YES;
				GCC_WARN_UNINITIALIZED_AUTOS = YES_AGGRESSIVE;
				GCC_WARN_UNUSED_FUNCTION = YES;
				GCC_WARN_UNUSED_VARIABLE = YES;
				MACOSX_DEPLOYMENT_TARGET = 10.14;
				MTL_ENABLE_DEBUG_INFO = NO;
				MTL_FAST_MATH = YES;
				SDKROOT = macosx;
				SWIFT_COMPILATION_MODE = wholemodule;
				SWIFT_OPTIMIZATION_LEVEL = "-O";
				VERSIONING_SYSTEM = "apple-generic";
				VERSION_INFO_PREFIX = "";
			};
			name = Release;
		};
		0555A04C21736F2D00CD7BD3 /* Debug */ = {
			isa = XCBuildConfiguration;
			buildSettings = {
				CLANG_ENABLE_MODULES = YES;
				CODE_SIGN_IDENTITY = "";
				CODE_SIGN_STYLE = Automatic;
				COMBINE_HIDPI_IMAGES = YES;
				DEFINES_MODULE = YES;
				DEVELOPMENT_TEAM = TR2DNF3P93;
				DYLIB_COMPATIBILITY_VERSION = 1;
				DYLIB_CURRENT_VERSION = 1;
				DYLIB_INSTALL_NAME_BASE = "@rpath";
				FRAMEWORK_SEARCH_PATHS = (
					"$(inherited)",
					"$(USER_LIBRARY_DIR)/Frameworks",
				);
				FRAMEWORK_VERSION = A;
				GCC_OPTIMIZATION_LEVEL = 2;
				INFOPLIST_FILE = Info.plist;
				INSTALL_PATH = "$(HOME)/Library/Frameworks";
				LD_RUNPATH_SEARCH_PATHS = (
					"$(inherited)",
					"@executable_path/../Frameworks",
					"@loader_path/Frameworks",
				);
				PRODUCT_BUNDLE_IDENTIFIER = github.com.steelwheels.BattleFieldCore;
				PRODUCT_NAME = "$(TARGET_NAME:c99extidentifier)";
				SKIP_INSTALL = NO;
				SWIFT_OPTIMIZATION_LEVEL = "-O";
				SWIFT_VERSION = 4.2;
			};
			name = Debug;
		};
		0555A04D21736F2D00CD7BD3 /* Release */ = {
			isa = XCBuildConfiguration;
			buildSettings = {
				CLANG_ENABLE_MODULES = YES;
				CODE_SIGN_IDENTITY = "";
				CODE_SIGN_STYLE = Automatic;
				COMBINE_HIDPI_IMAGES = YES;
				DEFINES_MODULE = YES;
				DEVELOPMENT_TEAM = TR2DNF3P93;
				DYLIB_COMPATIBILITY_VERSION = 1;
				DYLIB_CURRENT_VERSION = 1;
				DYLIB_INSTALL_NAME_BASE = "@rpath";
				FRAMEWORK_SEARCH_PATHS = (
					"$(inherited)",
					"$(USER_LIBRARY_DIR)/Frameworks",
				);
				FRAMEWORK_VERSION = A;
				GCC_OPTIMIZATION_LEVEL = 2;
				INFOPLIST_FILE = Info.plist;
				INSTALL_PATH = "$(HOME)/Library/Frameworks";
				LD_RUNPATH_SEARCH_PATHS = (
					"$(inherited)",
					"@executable_path/../Frameworks",
					"@loader_path/Frameworks",
				);
				PRODUCT_BUNDLE_IDENTIFIER = github.com.steelwheels.BattleFieldCore;
				PRODUCT_NAME = "$(TARGET_NAME:c99extidentifier)";
				SKIP_INSTALL = NO;
				SWIFT_VERSION = 4.2;
			};
			name = Release;
		};
		0590AE05217371490076C648 /* Debug */ = {
			isa = XCBuildConfiguration;
			buildSettings = {
				CODE_SIGN_STYLE = Automatic;
				DEBUGGING_SYMBOLS = YES;
				DEBUG_INFORMATION_FORMAT = dwarf;
				DEVELOPMENT_TEAM = TR2DNF3P93;
				GCC_GENERATE_DEBUGGING_SYMBOLS = YES;
				GCC_OPTIMIZATION_LEVEL = 0;
				OTHER_CFLAGS = "";
				OTHER_LDFLAGS = "";
				PRODUCT_NAME = "$(TARGET_NAME)";
			};
			name = Debug;
		};
		0590AE06217371490076C648 /* Release */ = {
			isa = XCBuildConfiguration;
			buildSettings = {
				CODE_SIGN_STYLE = Automatic;
				DEBUG_INFORMATION_FORMAT = "dwarf-with-dsym";
				DEVELOPMENT_TEAM = TR2DNF3P93;
				OTHER_CFLAGS = "";
				OTHER_LDFLAGS = "";
				PRODUCT_NAME = "$(TARGET_NAME)";
			};
			name = Release;
		};
/* End XCBuildConfiguration section */

/* Begin XCConfigurationList section */
		052D1F9521A05BA200B95922 /* Build configuration list for PBXNativeTarget "UnitTest" */ = {
			isa = XCConfigurationList;
			buildConfigurations = (
				052D1F9621A05BA200B95922 /* Debug */,
				052D1F9721A05BA200B95922 /* Release */,
			);
			defaultConfigurationIsVisible = 0;
			defaultConfigurationName = Release;
		};
		0555A03D21736F2D00CD7BD3 /* Build configuration list for PBXProject "BattleFieldCore" */ = {
			isa = XCConfigurationList;
			buildConfigurations = (
				0555A04921736F2D00CD7BD3 /* Debug */,
				0555A04A21736F2D00CD7BD3 /* Release */,
			);
			defaultConfigurationIsVisible = 0;
			defaultConfigurationName = Release;
		};
		0555A04B21736F2D00CD7BD3 /* Build configuration list for PBXNativeTarget "BattleFieldCore" */ = {
			isa = XCConfigurationList;
			buildConfigurations = (
				0555A04C21736F2D00CD7BD3 /* Debug */,
				0555A04D21736F2D00CD7BD3 /* Release */,
			);
			defaultConfigurationIsVisible = 0;
			defaultConfigurationName = Release;
		};
		0590AE04217371490076C648 /* Build configuration list for PBXLegacyTarget "Install" */ = {
			isa = XCConfigurationList;
			buildConfigurations = (
				0590AE05217371490076C648 /* Debug */,
				0590AE06217371490076C648 /* Release */,
			);
			defaultConfigurationIsVisible = 0;
			defaultConfigurationName = Release;
		};
/* End XCConfigurationList section */
	};
	rootObject = 0555A03A21736F2D00CD7BD3 /* Project object */;
}
